
Microsoft Visual Studio Solution File, Format Version 12.00
# Visual Studio Version 17
VisualStudioVersion = 17.5.2.0
MinimumVisualStudioVersion = 10.0.40219.1
Project("{FAE04EC0-301F-11D3-BF4B-00C04F79EFBC}") = "TrueFluentPro", "TrueFluentPro.csproj", "{5DB1ABD9-43A6-AA90-8186-F77EAEFB597B}"
EndProject
Project("{2150E333-8FDC-42A3-9474-1A3956D46DE8}") = "backend", "backend", "{1AE8ACA6-933B-BF2A-3671-3E2EAC007D16}"
EndProject
Project("{FAE04EC0-301F-11D3-BF4B-00C04F79EFBC}") = "TrueFluentPro.Api", "backend\TrueFluentPro.Api\TrueFluentPro.Api.csproj", "{FE18FDEA-5512-4F9C-85AD-677086E126D0}"
EndProject
Global
	GlobalSection(SolutionConfigurationPlatforms) = preSolution
		Debug|Any CPU = Debug|Any CPU
		Debug|x64 = Debug|x64
		Debug|x86 = Debug|x86
		Release|Any CPU = Release|Any CPU
		Release|x64 = Release|x64
		Release|x86 = Release|x86
	EndGlobalSection
	GlobalSection(ProjectConfigurationPlatforms) = postSolution
		{5DB1ABD9-43A6-AA90-8186-F77EAEFB597B}.Debug|Any CPU.ActiveCfg = Debug|Any CPU
		{5DB1ABD9-43A6-AA90-8186-F77EAEFB597B}.Debug|Any CPU.Build.0 = Debug|Any CPU
		{5DB1ABD9-43A6-AA90-8186-F77EAEFB597B}.Debug|x64.ActiveCfg = Debug|Any CPU
		{5DB1ABD9-43A6-AA90-8186-F77EAEFB597B}.Debug|x64.Build.0 = Debug|Any CPU
		{5DB1ABD9-43A6-AA90-8186-F77EAEFB597B}.Debug|x86.ActiveCfg = Debug|Any CPU
		{5DB1ABD9-43A6-AA90-8186-F77EAEFB597B}.Debug|x86.Build.0 = Debug|Any CPU
		{5DB1ABD9-43A6-AA90-8186-F77EAEFB597B}.Release|Any CPU.ActiveCfg = Release|Any CPU
		{5DB1ABD9-43A6-AA90-8186-F77EAEFB597B}.Release|Any CPU.Build.0 = Release|Any CPU
		{5DB1ABD9-43A6-AA90-8186-F77EAEFB597B}.Release|x64.ActiveCfg = Release|Any CPU
		{5DB1ABD9-43A6-AA90-8186-F77EAEFB597B}.Release|x64.Build.0 = Release|Any CPU
		{5DB1ABD9-43A6-AA90-8186-F77EAEFB597B}.Release|x86.ActiveCfg = Release|Any CPU
		{5DB1ABD9-43A6-AA90-8186-F77EAEFB597B}.Release|x86.Build.0 = Release|Any CPU
		{FE18FDEA-5512-4F9C-85AD-677086E126D0}.Debug|Any CPU.ActiveCfg = Debug|Any CPU
		{FE18FDEA-5512-4F9C-85AD-677086E126D0}.Debug|Any CPU.Build.0 = Debug|Any CPU
		{FE18FDEA-5512-4F9C-85AD-677086E126D0}.Debug|x64.ActiveCfg = Debug|Any CPU
		{FE18FDEA-5512-4F9C-85AD-677086E126D0}.Debug|x64.Build.0 = Debug|Any CPU
		{FE18FDEA-5512-4F9C-85AD-677086E126D0}.Debug|x86.ActiveCfg = Debug|Any CPU
		{FE18FDEA-5512-4F9C-85AD-677086E126D0}.Debug|x86.Build.0 = Debug|Any CPU
		{FE18FDEA-5512-4F9C-85AD-677086E126D0}.Release|Any CPU.ActiveCfg = Release|Any CPU
		{FE18FDEA-5512-4F9C-85AD-677086E126D0}.Release|Any CPU.Build.0 = Release|Any CPU
		{FE18FDEA-5512-4F9C-85AD-677086E126D0}.Release|x64.ActiveCfg = Release|Any CPU
		{FE18FDEA-5512-4F9C-85AD-677086E126D0}.Release|x64.Build.0 = Release|Any CPU
		{FE18FDEA-5512-4F9C-85AD-677086E126D0}.Release|x86.ActiveCfg = Release|Any CPU
		{FE18FDEA-5512-4F9C-85AD-677086E126D0}.Release|x86.Build.0 = Release|Any CPU
	EndGlobalSection
	GlobalSection(SolutionProperties) = preSolution
		HideSolutionNode = FALSE
	EndGlobalSection
	GlobalSection(NestedProjects) = preSolution
		{FE18FDEA-5512-4F9C-85AD-677086E126D0} = {1AE8ACA6-933B-BF2A-3671-3E2EAC007D16}
	EndGlobalSection
	GlobalSection(ExtensibilityGlobals) = postSolution
		SolutionGuid = {6BF63EEE-B2B6-40E3-9D35-F7BA86CCD042}
	EndGlobalSection
EndGlobal
